// !$*UTF8*$!
{
	archiveVersion = 1;
	classes = {
	};
	objectVersion = 46;
	objects = {

/* Begin PBXBuildFile section */
		202BD69B1D4DB38B00856B54 /* AppDelegate.swift in Sources */ = {isa = PBXBuildFile; fileRef = 202BD69A1D4DB38B00856B54 /* AppDelegate.swift */; };
		202BD69D1D4DB38B00856B54 /* ViewController.swift in Sources */ = {isa = PBXBuildFile; fileRef = 202BD69C1D4DB38B00856B54 /* ViewController.swift */; };
		202BD6A01D4DB38B00856B54 /* Main.storyboard in Resources */ = {isa = PBXBuildFile; fileRef = 202BD69E1D4DB38B00856B54 /* Main.storyboard */; };
		202BD6A21D4DB38B00856B54 /* Assets.xcassets in Resources */ = {isa = PBXBuildFile; fileRef = 202BD6A11D4DB38B00856B54 /* Assets.xcassets */; };
		202BD6A51D4DB38B00856B54 /* LaunchScreen.storyboard in Resources */ = {isa = PBXBuildFile; fileRef = 202BD6A31D4DB38B00856B54 /* LaunchScreen.storyboard */; };
		202BD6B01D4DB38B00856B54 /* ZZAttributeStringTests.swift in Sources */ = {isa = PBXBuildFile; fileRef = 202BD6AF1D4DB38B00856B54 /* ZZAttributeStringTests.swift */; };
		202BD6BB1D4DB38B00856B54 /* ZZAttributeStringUITests.swift in Sources */ = {isa = PBXBuildFile; fileRef = 202BD6BA1D4DB38B00856B54 /* ZZAttributeStringUITests.swift */; };
/* End PBXBuildFile section */

/* Begin PBXContainerItemProxy section */
		202BD6AC1D4DB38B00856B54 /* PBXContainerItemProxy */ = {
			isa = PBXContainerItemProxy;
			containerPortal = 202BD68F1D4DB38B00856B54 /* Project object */;
			proxyType = 1;
			remoteGlobalIDString = 202BD6961D4DB38B00856B54;
			remoteInfo = ZZAttributeString;
		};
		202BD6B71D4DB38B00856B54 /* PBXContainerItemProxy */ = {
			isa = PBXContainerItemProxy;
			containerPortal = 202BD68F1D4DB38B00856B54 /* Project object */;
			proxyType = 1;
			remoteGlobalIDString = 202BD6961D4DB38B00856B54;
			remoteInfo = ZZAttributeString;
		};
/* End PBXContainerItemProxy section */

/* Begin PBXFileReference section */
		202BD6971D4DB38B00856B54 /* ZZAttributeString.app */ = {isa = PBXFileReference; explicitFileType = wrapper.application; includeInIndex = 0; path = ZZAttributeString.app; sourceTree = BUILT_PRODUCTS_DIR; };
		202BD69A1D4DB38B00856B54 /* AppDelegate.swift */ = {isa = PBXFileReference; lastKnownFileType = sourcecode.swift; path = AppDelegate.swift; sourceTree = "<group>"; };
		202BD69C1D4DB38B00856B54 /* ViewController.swift */ = {isa = PBXFileReference; lastKnownFileType = sourcecode.swift; path = ViewController.swift; sourceTree = "<group>"; };
		202BD69F1D4DB38B00856B54 /* Base */ = {isa = PBXFileReference; lastKnownFileType = file.storyboard; name = Base; path = Base.lproj/Main.storyboard; sourceTree = "<group>"; };
		202BD6A11D4DB38B00856B54 /* Assets.xcassets */ = {isa = PBXFileReference; lastKnownFileType = folder.assetcatalog; path = Assets.xcassets; sourceTree = "<group>"; };
		202BD6A41D4DB38B00856B54 /* Base */ = {isa = PBXFileReference; lastKnownFileType = file.storyboard; name = Base; path = Base.lproj/LaunchScreen.storyboard; sourceTree = "<group>"; };
		202BD6A61D4DB38B00856B54 /* Info.plist */ = {isa = PBXFileReference; lastKnownFileType = text.plist.xml; path = Info.plist; sourceTree = "<group>"; };
		202BD6AB1D4DB38B00856B54 /* ZZAttributeStringTests.xctest */ = {isa = PBXFileReference; explicitFileType = wrapper.cfbundle; includeInIndex = 0; path = ZZAttributeStringTests.xctest; sourceTree = BUILT_PRODUCTS_DIR; };
		202BD6AF1D4DB38B00856B54 /* ZZAttributeStringTests.swift */ = {isa = PBXFileReference; lastKnownFileType = sourcecode.swift; path = ZZAttributeStringTests.swift; sourceTree = "<group>"; };
		202BD6B11D4DB38B00856B54 /* Info.plist */ = {isa = PBXFileReference; lastKnownFileType = text.plist.xml; path = Info.plist; sourceTree = "<group>"; };
		202BD6B61D4DB38B00856B54 /* ZZAttributeStringUITests.xctest */ = {isa = PBXFileReference; explicitFileType = wrapper.cfbundle; includeInIndex = 0; path = ZZAttributeStringUITests.xctest; sourceTree = BUILT_PRODUCTS_DIR; };
		202BD6BA1D4DB38B00856B54 /* ZZAttributeStringUITests.swift */ = {isa = PBXFileReference; lastKnownFileType = sourcecode.swift; path = ZZAttributeStringUITests.swift; sourceTree = "<group>"; };
		202BD6BC1D4DB38B00856B54 /* Info.plist */ = {isa = PBXFileReference; lastKnownFileType = text.plist.xml; path = Info.plist; sourceTree = "<group>"; };
/* End PBXFileReference section */

/* Begin PBXFrameworksBuildPhase section */
		202BD6941D4DB38B00856B54 /* Frameworks */ = {
			isa = PBXFrameworksBuildPhase;
			buildActionMask = 2147483647;
			files = (
			);
			runOnlyForDeploymentPostprocessing = 0;
		};
		202BD6A81D4DB38B00856B54 /* Frameworks */ = {
			isa = PBXFrameworksBuildPhase;
			buildActionMask = 2147483647;
			files = (
			);
			runOnlyForDeploymentPostprocessing = 0;
		};
		202BD6B31D4DB38B00856B54 /* Frameworks */ = {
			isa = PBXFrameworksBuildPhase;
			buildActionMask = 2147483647;
			files = (
			);
			runOnlyForDeploymentPostprocessing = 0;
		};
/* End PBXFrameworksBuildPhase section */

/* Begin PBXGroup section */
		202BD68E1D4DB38B00856B54 = {
			isa = PBXGroup;
			children = (
				202BD6991D4DB38B00856B54 /* ZZAttributeString */,
				202BD6AE1D4DB38B00856B54 /* ZZAttributeStringTests */,
				202BD6B91D4DB38B00856B54 /* ZZAttributeStringUITests */,
				202BD6981D4DB38B00856B54 /* Products */,
			);
			sourceTree = "<group>";
		};
		202BD6981D4DB38B00856B54 /* Products */ = {
			isa = PBXGroup;
			children = (
				202BD6971D4DB38B00856B54 /* ZZAttributeString.app */,
				202BD6AB1D4DB38B00856B54 /* ZZAttributeStringTests.xctest */,
				202BD6B61D4DB38B00856B54 /* ZZAttributeStringUITests.xctest */,
			);
			name = Products;
			sourceTree = "<group>";
		};
		202BD6991D4DB38B00856B54 /* ZZAttributeString */ = {
			isa = PBXGroup;
			children = (
				202BD69A1D4DB38B00856B54 /* AppDelegate.swift */,
				202BD69C1D4DB38B00856B54 /* ViewController.swift */,
				202BD69E1D4DB38B00856B54 /* Main.storyboard */,
				202BD6A11D4DB38B00856B54 /* Assets.xcassets */,
				202BD6A31D4DB38B00856B54 /* LaunchScreen.storyboard */,
				202BD6A61D4DB38B00856B54 /* Info.plist */,
			);
			path = ZZAttributeString;
			sourceTree = "<group>";
		};
		202BD6AE1D4DB38B00856B54 /* ZZAttributeStringTests */ = {
			isa = PBXGroup;
			children = (
				202BD6AF1D4DB38B00856B54 /* ZZAttributeStringTests.swift */,
				202BD6B11D4DB38B00856B54 /* Info.plist */,
			);
			path = ZZAttributeStringTests;
			sourceTree = "<group>";
		};
		202BD6B91D4DB38B00856B54 /* ZZAttributeStringUITests */ = {
			isa = PBXGroup;
			children = (
				202BD6BA1D4DB38B00856B54 /* ZZAttributeStringUITests.swift */,
				202BD6BC1D4DB38B00856B54 /* Info.plist */,
			);
			path = ZZAttributeStringUITests;
			sourceTree = "<group>";
		};
/* End PBXGroup section */

/* Begin PBXNativeTarget section */
		202BD6961D4DB38B00856B54 /* ZZAttributeString */ = {
			isa = PBXNativeTarget;
			buildConfigurationList = 202BD6BF1D4DB38B00856B54 /* Build configuration list for PBXNativeTarget "ZZAttributeString" */;
			buildPhases = (
				202BD6931D4DB38B00856B54 /* Sources */,
				202BD6941D4DB38B00856B54 /* Frameworks */,
				202BD6951D4DB38B00856B54 /* Resources */,
			);
			buildRules = (
			);
			dependencies = (
			);
			name = ZZAttributeString;
			productName = ZZAttributeString;
			productReference = 202BD6971D4DB38B00856B54 /* ZZAttributeString.app */;
			productType = "com.apple.product-type.application";
		};
		202BD6AA1D4DB38B00856B54 /* ZZAttributeStringTests */ = {
			isa = PBXNativeTarget;
			buildConfigurationList = 202BD6C21D4DB38B00856B54 /* Build configuration list for PBXNativeTarget "ZZAttributeStringTests" */;
			buildPhases = (
				202BD6A71D4DB38B00856B54 /* Sources */,
				202BD6A81D4DB38B00856B54 /* Frameworks */,
				202BD6A91D4DB38B00856B54 /* Resources */,
			);
			buildRules = (
			);
			dependencies = (
				202BD6AD1D4DB38B00856B54 /* PBXTargetDependency */,
			);
			name = ZZAttributeStringTests;
			productName = ZZAttributeStringTests;
			productReference = 202BD6AB1D4DB38B00856B54 /* ZZAttributeStringTests.xctest */;
			productType = "com.apple.product-type.bundle.unit-test";
		};
		202BD6B51D4DB38B00856B54 /* ZZAttributeStringUITests */ = {
			isa = PBXNativeTarget;
			buildConfigurationList = 202BD6C51D4DB38B00856B54 /* Build configuration list for PBXNativeTarget "ZZAttributeStringUITests" */;
			buildPhases = (
				202BD6B21D4DB38B00856B54 /* Sources */,
				202BD6B31D4DB38B00856B54 /* Frameworks */,
				202BD6B41D4DB38B00856B54 /* Resources */,
			);
			buildRules = (
			);
			dependencies = (
				202BD6B81D4DB38B00856B54 /* PBXTargetDependency */,
			);
			name = ZZAttributeStringUITests;
			productName = ZZAttributeStringUITests;
			productReference = 202BD6B61D4DB38B00856B54 /* ZZAttributeStringUITests.xctest */;
			productType = "com.apple.product-type.bundle.ui-testing";
		};
/* End PBXNativeTarget section */

/* Begin PBXProject section */
		202BD68F1D4DB38B00856B54 /* Project object */ = {
			isa = PBXProject;
			attributes = {
				LastSwiftUpdateCheck = 0730;
				LastUpgradeCheck = 0730;
				ORGANIZATIONNAME = dz;
				TargetAttributes = {
					202BD6961D4DB38B00856B54 = {
						CreatedOnToolsVersion = 7.3.1;
					};
					202BD6AA1D4DB38B00856B54 = {
						CreatedOnToolsVersion = 7.3.1;
						TestTargetID = 202BD6961D4DB38B00856B54;
					};
					202BD6B51D4DB38B00856B54 = {
						CreatedOnToolsVersion = 7.3.1;
						TestTargetID = 202BD6961D4DB38B00856B54;
					};
				};
			};
			buildConfigurationList = 202BD6921D4DB38B00856B54 /* Build configuration list for PBXProject "ZZAttributeString" */;
			compatibilityVersion = "Xcode 3.2";
			developmentRegion = English;
			hasScannedForEncodings = 0;
			knownRegions = (
				en,
				Base,
			);
			mainGroup = 202BD68E1D4DB38B00856B54;
			productRefGroup = 202BD6981D4DB38B00856B54 /* Products */;
			projectDirPath = "";
			projectRoot = "";
			targets = (
				202BD6961D4DB38B00856B54 /* ZZAttributeString */,
				202BD6AA1D4DB38B00856B54 /* ZZAttributeStringTests */,
				202BD6B51D4DB38B00856B54 /* ZZAttributeStringUITests */,
			);
		};
/* End PBXProject section */

/* Begin PBXResourcesBuildPhase section */
		202BD6951D4DB38B00856B54 /* Resources */ = {
			isa = PBXResourcesBuildPhase;
			buildActionMask = 2147483647;
			files = (
				202BD6A51D4DB38B00856B54 /* LaunchScreen.storyboard in Resources */,
				202BD6A21D4DB38B00856B54 /* Assets.xcassets in Resources */,
				202BD6A01D4DB38B00856B54 /* Main.storyboard in Resources */,
			);
			runOnlyForDeploymentPostprocessing = 0;
		};
		202BD6A91D4DB38B00856B54 /* Resources */ = {
			isa = PBXResourcesBuildPhase;
			buildActionMask = 2147483647;
			files = (
			);
			runOnlyForDeploymentPostprocessing = 0;
		};
		202BD6B41D4DB38B00856B54 /* Resources */ = {
			isa = PBXResourcesBuildPhase;
			buildActionMask = 2147483647;
			files = (
			);
			runOnlyForDeploymentPostprocessing = 0;
		};
/* End PBXResourcesBuildPhase section */

/* Begin PBXSourcesBuildPhase section */
		202BD6931D4DB38B00856B54 /* Sources */ = {
			isa = PBXSourcesBuildPhase;
			buildActionMask = 2147483647;
			files = (
				202BD69D1D4DB38B00856B54 /* ViewController.swift in Sources */,
				202BD69B1D4DB38B00856B54 /* AppDelegate.swift in Sources */,
			);
			runOnlyForDeploymentPostprocessing = 0;
		};
		202BD6A71D4DB38B00856B54 /* Sources */ = {
			isa = PBXSourcesBuildPhase;
			buildActionMask = 2147483647;
			files = (
				202BD6B01D4DB38B00856B54 /* ZZAttributeStringTests.swift in Sources */,
			);
			runOnlyForDeploymentPostprocessing = 0;
		};
		202BD6B21D4DB38B00856B54 /* Sources */ = {
			isa = PBXSourcesBuildPhase;
			buildActionMask = 2147483647;
			files = (
				202BD6BB1D4DB38B00856B54 /* ZZAttributeStringUITests.swift in Sources */,
			);
			runOnlyForDeploymentPostprocessing = 0;
		};
/* End PBXSourcesBuildPhase section */

/* Begin PBXTargetDependency section */
		202BD6AD1D4DB38B00856B54 /* PBXTargetDependency */ = {
			isa = PBXTargetDependency;
			target = 202BD6961D4DB38B00856B54 /* ZZAttributeString */;
			targetProxy = 202BD6AC1D4DB38B00856B54 /* PBXContainerItemProxy */;
		};
		202BD6B81D4DB38B00856B54 /* PBXTargetDependency */ = {
			isa = PBXTargetDependency;
			target = 202BD6961D4DB38B00856B54 /* ZZAttributeString */;
			targetProxy = 202BD6B71D4DB38B00856B54 /* PBXContainerItemProxy */;
		};
/* End PBXTargetDependency section */

/* Begin PBXVariantGroup section */
		202BD69E1D4DB38B00856B54 /* Main.storyboard */ = {
			isa = PBXVariantGroup;
			children = (
				202BD69F1D4DB38B00856B54 /* Base */,
			);
			name = Main.storyboard;
			sourceTree = "<group>";
		};
		202BD6A31D4DB38B00856B54 /* LaunchScreen.storyboard */ = {
			isa = PBXVariantGroup;
			children = (
				202BD6A41D4DB38B00856B54 /* Base */,
			);
			name = LaunchScreen.storyboard;
			sourceTree = "<group>";
		};
/* End PBXVariantGroup section */

/* Begin XCBuildConfiguration section */
		202BD6BD1D4DB38B00856B54 /* Debug */ = {
			isa = XCBuildConfiguration;
			buildSettings = {
				ALWAYS_SEARCH_USER_PATHS = NO;
				CLANG_ANALYZER_NONNULL = YES;
				CLANG_CXX_LANGUAGE_STANDARD = "gnu++0x";
				CLANG_CXX_LIBRARY = "libc++";
				CLANG_ENABLE_MODULES = YES;
				CLANG_ENABLE_OBJC_ARC = YES;
				CLANG_WARN_BOOL_CONVERSION = YES;
				CLANG_WARN_CONSTANT_CONVERSION = YES;
				CLANG_WARN_DIRECT_OBJC_ISA_USAGE = YES_ERROR;
				CLANG_WARN_EMPTY_BODY = YES;
				CLANG_WARN_ENUM_CONVERSION = YES;
				CLANG_WARN_INT_CONVERSION = YES;
				CLANG_WARN_OBJC_ROOT_CLASS = YES_ERROR;
				CLANG_WARN_UNREACHABLE_CODE = YES;
				CLANG_WARN__DUPLICATE_METHOD_MATCH = YES;
				"CODE_SIGN_IDENTITY[sdk=iphoneos*]" = "iPhone Developer";
				COPY_PHASE_STRIP = NO;
				DEBUG_INFORMATION_FORMAT = dwarf;
				ENABLE_STRICT_OBJC_MSGSEND = YES;
				ENABLE_TESTABILITY = YES;
				GCC_C_LANGUAGE_STANDARD = gnu99;
				GCC_DYNAMIC_NO_PIC = NO;
				GCC_NO_COMMON_BLOCKS = YES;
				GCC_OPTIMIZATION_LEVEL = 0;
				GCC_PREPROCESSOR_DEFINITIONS = (
					"DEBUG=1",
					"$(inherited)",
				);
				GCC_WARN_64_TO_32_BIT_CONVERSION = YES;
				GCC_WARN_ABOUT_RETURN_TYPE = YES_ERROR;
				GCC_WARN_UNDECLARED_SELECTOR = YES;
				GCC_WARN_UNINITIALIZED_AUTOS = YES_AGGRESSIVE;
				GCC_WARN_UNUSED_FUNCTION = YES;
				GCC_WARN_UNUSED_VARIABLE = YES;
				IPHONEOS_DEPLOYMENT_TARGET = 9.3;
				MTL_ENABLE_DEBUG_INFO = YES;
				ONLY_ACTIVE_ARCH = YES;
				SDKROOT = iphoneos;
				SWIFT_OPTIMIZATION_LEVEL = "-Onone";
			};
			name = Debug;
		};
		202BD6BE1D4DB38B00856B54 /* Release */ = {
			isa = XCBuildConfiguration;
			buildSettings = {
				ALWAYS_SEARCH_USER_PATHS = NO;
				CLANG_ANALYZER_NONNULL = YES;
				CLANG_CXX_LANGUAGE_STANDARD = "gnu++0x";
				CLANG_CXX_LIBRARY = "libc++";
				CLANG_ENABLE_MODULES = YES;
				CLANG_ENABLE_OBJC_ARC = YES;
				CLANG_WARN_BOOL_CONVERSION = YES;
				CLANG_WARN_CONSTANT_CONVERSION = YES;
				CLANG_WARN_DIRECT_OBJC_ISA_USAGE = YES_ERROR;
				CLANG_WARN_EMPTY_BODY = YES;
				CLANG_WARN_ENUM_CONVERSION = YES;
				CLANG_WARN_INT_CONVERSION = YES;
				CLANG_WARN_OBJC_ROOT_CLASS = YES_ERROR;
				CLANG_WARN_UNREACHABLE_CODE = YES;
				CLANG_WARN__DUPLICATE_METHOD_MATCH = YES;
				"CODE_SIGN_IDENTITY[sdk=iphoneos*]" = "iPhone Developer";
				COPY_PHASE_STRIP = NO;
				DEBUG_INFORMATION_FORMAT = "dwarf-with-dsym";
				ENABLE_NS_ASSERTIONS = NO;
				ENABLE_STRICT_OBJC_MSGSEND = YES;
				GCC_C_LANGUAGE_STANDARD = gnu99;
				GCC_NO_COMMON_BLOCKS = YES;
				GCC_WARN_64_TO_32_BIT_CONVERSION = YES;
				GCC_WARN_ABOUT_RETURN_TYPE = YES_ERROR;
				GCC_WARN_UNDECLARED_SELECTOR = YES;
				GCC_WARN_UNINITIALIZED_AUTOS = YES_AGGRESSIVE;
				GCC_WARN_UNUSED_FUNCTION = YES;
				GCC_WARN_UNUSED_VARIABLE = YES;
				IPHONEOS_DEPLOYMENT_TARGET = 9.3;
				MTL_ENABLE_DEBUG_INFO = NO;
				SDKROOT = iphoneos;
				VALIDATE_PRODUCT = YES;
			};
			name = Release;
		};
		202BD6C01D4DB38B00856B54 /* Debug */ = {
			isa = XCBuildConfiguration;
			buildSettings = {
				ASSETCATALOG_COMPILER_APPICON_NAME = AppIcon;
				INFOPLIST_FILE = ZZAttributeString/Info.plist;
				LD_RUNPATH_SEARCH_PATHS = "$(inherited) @executable_path/Frameworks";
				PRODUCT_BUNDLE_IDENTIFIER = im.zuber.app.qrcode.ZZAttributeString;
				PRODUCT_NAME = "$(TARGET_NAME)";
			};
			name = Debug;
		};
		202BD6C11D4DB38B00856B54 /* Release */ = {
			isa = XCBuildConfiguration;
			buildSettings = {
				ASSETCATALOG_COMPILER_APPICON_NAME = AppIcon;
				INFOPLIST_FILE = ZZAttributeString/Info.plist;
				LD_RUNPATH_SEARCH_PATHS = "$(inherited) @executable_path/Frameworks";
				PRODUCT_BUNDLE_IDENTIFIER = im.zuber.app.qrcode.ZZAttributeString;
				PRODUCT_NAME = "$(TARGET_NAME)";
			};
			name = Release;
		};
		202BD6C31D4DB38B00856B54 /* Debug */ = {
			isa = XCBuildConfiguration;
			buildSettings = {
				BUNDLE_LOADER = "$(TEST_HOST)";
				INFOPLIST_FILE = ZZAttributeStringTests/Info.plist;
				LD_RUNPATH_SEARCH_PATHS = "$(inherited) @executable_path/Frameworks @loader_path/Frameworks";
				PRODUCT_BUNDLE_IDENTIFIER = im.zuber.app.qrcode.ZZAttributeStringTests;
				PRODUCT_NAME = "$(TARGET_NAME)";
				TEST_HOST = "$(BUILT_PRODUCTS_DIR)/ZZAttributeString.app/ZZAttributeString";
			};
			name = Debug;
		};
		202BD6C41D4DB38B00856B54 /* Release */ = {
			isa = XCBuildConfiguration;
			buildSettings = {
				BUNDLE_LOADER = "$(TEST_HOST)";
				INFOPLIST_FILE = ZZAttributeStringTests/Info.plist;
				LD_RUNPATH_SEARCH_PATHS = "$(inherited) @executable_path/Frameworks @loader_path/Frameworks";
				PRODUCT_BUNDLE_IDENTIFIER = im.zuber.app.qrcode.ZZAttributeStringTests;
				PRODUCT_NAME = "$(TARGET_NAME)";
				TEST_HOST = "$(BUILT_PRODUCTS_DIR)/ZZAttributeString.app/ZZAttributeString";
			};
			name = Release;
		};
		202BD6C61D4DB38B00856B54 /* Debug */ = {
			isa = XCBuildConfiguration;
			buildSettings = {
				INFOPLIST_FILE = ZZAttributeStringUITests/Info.plist;
				LD_RUNPATH_SEARCH_PATHS = "$(inherited) @executable_path/Frameworks @loader_path/Frameworks";
				PRODUCT_BUNDLE_IDENTIFIER = im.zuber.app.qrcode.ZZAttributeStringUITests;
				PRODUCT_NAME = "$(TARGET_NAME)";
				TEST_TARGET_NAME = ZZAttributeString;
			};
			name = Debug;
		};
		202BD6C71D4DB38B00856B54 /* Release */ = {
			isa = XCBuildConfiguration;
			buildSettings = {
				INFOPLIST_FILE = ZZAttributeStringUITests/Info.plist;
				LD_RUNPATH_SEARCH_PATHS = "$(inherited) @executable_path/Frameworks @loader_path/Frameworks";
				PRODUCT_BUNDLE_IDENTIFIER = im.zuber.app.qrcode.ZZAttributeStringUITests;
				PRODUCT_NAME = "$(TARGET_NAME)";
				TEST_TARGET_NAME = ZZAttributeString;
			};
			name = Release;
		};
/* End XCBuildConfiguration section */

/* Begin XCConfigurationList section */
		202BD6921D4DB38B00856B54 /* Build configuration list for PBXProject "ZZAttributeString" */ = {
			isa = XCConfigurationList;
			buildConfigurations = (
				202BD6BD1D4DB38B00856B54 /* Debug */,
				202BD6BE1D4DB38B00856B54 /* Release */,
			);
			defaultConfigurationIsVisible = 0;
			defaultConfigurationName = Release;
		};
		202BD6BF1D4DB38B00856B54 /* Build configuration list for PBXNativeTarget "ZZAttributeString" */ = {
			isa = XCConfigurationList;
			buildConfigurations = (
				202BD6C01D4DB38B00856B54 /* Debug */,
				202BD6C11D4DB38B00856B54 /* Release */,
			);
			defaultConfigurationIsVisible = 0;
		};
		202BD6C21D4DB38B00856B54 /* Build configuration list for PBXNativeTarget "ZZAttributeStringTests" */ = {
			isa = XCConfigurationList;
			buildConfigurations = (
				202BD6C31D4DB38B00856B54 /* Debug */,
				202BD6C41D4DB38B00856B54 /* Release */,
			);
			defaultConfigurationIsVisible = 0;
		};
		202BD6C51D4DB38B00856B54 /* Build configuration list for PBXNativeTarget "ZZAttributeStringUITests" */ = {
			isa = XCConfigurationList;
			buildConfigurations = (
				202BD6C61D4DB38B00856B54 /* Debug */,
				202BD6C71D4DB38B00856B54 /* Release */,
			);
			defaultConfigurationIsVisible = 0;
		};
/* End XCConfigurationList section */
	};
	rootObject = 202BD68F1D4DB38B00856B54 /* Project object */;
}
